symfony 3c0693b34e18ad9c93d109bec90a398c9e237430
twig 661e9c7ad2820e881c93474f2fbcbe2661fd1970
monolog fe0b8b59ed65565931dc8db78ac628ef1cb65f7d
doctrine-common c614a20e02cb8fd5531bce1adcb34a1210f79ac6
doctrine-dbal d096f0aa0e28afd7b87ce60f6850eccfdf792ecc
doctrine 1d9016e48ff8be38bc503627d537174324365d81
swiftmailer c53c8c1ab88c78c463ba65086d93d00193957e94
assetic 6c9da1bb767f978d12de030a7059bb2ef03a95c4
twig-extensions 6b0cc16934b6e62ef07c8d2e59f9f13ff3193d3d
metadata 72f11b8ed7725f76a6bcb41d94dc25190b5283f8
SensioFrameworkExtraBundle bced40d4d123f5171f888d6e56bb638b8c2a5e57
JMSSecurityExtraBundle 936892c9735f76037393639f1410773715bf403c
SensioDistributionBundle 029151792beac272548fe9df183e15b9be521870
SensioGeneratorBundle 32486331f5eb69bed5e44da7a5c6bedb589c38b4
AsseticBundle 9c1b7269a4517d1ae94af2dc0d6d6fc4b31e6c10
doctrine-fixtures 4a8464ef83093de2378cef2770e13da7e4858ffc
DoctrineFixturesBundle d0d6a6e4fbbea44ab1ab7d4a107b7818d9562010
FOSUserBundle d9bb15228e0655ed96d56352584cfcf0fc73b1bb
GalaxyManagerBundle 8acd6e7fde81162d3929cce7058a0feec98fcedb
SwgManagerBundle 796ecdcfb011e27e97904eddffa9299fe2716f49