symfony 05c8178349cc48a12b7d46ab22eb0d545617ad0d
twig 661e9c7ad2820e881c93474f2fbcbe2661fd1970
monolog fe0b8b59ed65565931dc8db78ac628ef1cb65f7d
doctrine-common c614a20e02cb8fd5531bce1adcb34a1210f79ac6
doctrine-dbal 26fda1b2503d622eacd7e2a01a127d163b552950
doctrine 4b85d7a68302ca78648ecb8a7e3acc8e6a14821f
swiftmailer c53c8c1ab88c78c463ba65086d93d00193957e94
assetic 6c9da1bb767f978d12de030a7059bb2ef03a95c4
twig-extensions 6b0cc16934b6e62ef07c8d2e59f9f13ff3193d3d
metadata 72f11b8ed7725f76a6bcb41d94dc25190b5283f8
SensioFrameworkExtraBundle bced40d4d123f5171f888d6e56bb638b8c2a5e57
JMSSecurityExtraBundle 936892c9735f76037393639f1410773715bf403c
SensioDistributionBundle ba9d3b7bd51e4c4d9987a656dd26800b757e1ddd
SensioGeneratorBundle e8bcce716ac876ccd8ffed9f1e54177323bf0b59
AsseticBundle 9c1b7269a4517d1ae94af2dc0d6d6fc4b31e6c10
FOSUserBundle 2f2dce0f090771397d5efd1234b45f713d798b9b
GalaxyManagerBundle 9571d2fd4944ffbc7c2d631cd3d89da375ca4600
SwgManagerBundle 7ad4cda22640d8ecf11ad8c6efd828ef63528a35